// !$*UTF8*$!
{
	archiveVersion = 1;
	classes = {
	};
	objectVersion = 77;
	objects = {

/* Begin PBXBuildFile section */
		57526E662E91B0B600A70399 /* ReadiumAdapterGCDWebServer in Frameworks */ = {isa = PBXBuildFile; productRef = 57526E652E91B0B600A70399 /* ReadiumAdapterGCDWebServer */; };
		57526E682E91B0B600A70399 /* ReadiumAdapterLCPSQLite in Frameworks */ = {isa = PBXBuildFile; productRef = 57526E672E91B0B600A70399 /* ReadiumAdapterLCPSQLite */; };
		57526E6A2E91B0B600A70399 /* ReadiumLCP in Frameworks */ = {isa = PBXBuildFile; productRef = 57526E692E91B0B600A70399 /* ReadiumLCP */; };
		57526E6C2E91B0B600A70399 /* ReadiumNavigator in Frameworks */ = {isa = PBXBuildFile; productRef = 57526E6B2E91B0B600A70399 /* ReadiumNavigator */; };
		57526E6E2E91B0B600A70399 /* ReadiumOPDS in Frameworks */ = {isa = PBXBuildFile; productRef = 57526E6D2E91B0B600A70399 /* ReadiumOPDS */; };
		57526E702E91B0B600A70399 /* ReadiumShared in Frameworks */ = {isa = PBXBuildFile; productRef = 57526E6F2E91B0B600A70399 /* ReadiumShared */; };
		57526E9F2E91B94F00A70399 /* ReadiumStreamer in Frameworks */ = {isa = PBXBuildFile; productRef = 57526E9E2E91B94F00A70399 /* ReadiumStreamer */; };
		57526EA12E91B96E00A70399 /* ReadiumStreamer in Frameworks */ = {isa = PBXBuildFile; productRef = 57526EA02E91B96E00A70399 /* ReadiumStreamer */; };
/* End PBXBuildFile section */

/* Begin PBXContainerItemProxy section */
		575DB4162E913D6300220124 /* PBXContainerItemProxy */ = {
			isa = PBXContainerItemProxy;
			containerPortal = 575DB3F72E913D6000220124 /* Project object */;
			proxyType = 1;
			remoteGlobalIDString = 575DB3FE2E913D6000220124;
			remoteInfo = "PM-App";
		};
		575DB4202E913D6300220124 /* PBXContainerItemProxy */ = {
			isa = PBXContainerItemProxy;
			containerPortal = 575DB3F72E913D6000220124 /* Project object */;
			proxyType = 1;
			remoteGlobalIDString = 575DB3FE2E913D6000220124;
			remoteInfo = "PM-App";
		};
/* End PBXContainerItemProxy section */

/* Begin PBXFileReference section */
		575DB3FF2E913D6000220124 /* PM-App.app */ = {isa = PBXFileReference; explicitFileType = wrapper.application; includeInIndex = 0; path = "PM-App.app"; sourceTree = BUILT_PRODUCTS_DIR; };
		575DB4152E913D6300220124 /* PM-AppTests.xctest */ = {isa = PBXFileReference; explicitFileType = wrapper.cfbundle; includeInIndex = 0; path = "PM-AppTests.xctest"; sourceTree = BUILT_PRODUCTS_DIR; };
		575DB41F2E913D6300220124 /* PM-AppUITests.xctest */ = {isa = PBXFileReference; explicitFileType = wrapper.cfbundle; includeInIndex = 0; path = "PM-AppUITests.xctest"; sourceTree = BUILT_PRODUCTS_DIR; };
/* End PBXFileReference section */

/* Begin PBXFileSystemSynchronizedBuildFileExceptionSet section */
		575DB4272E913D6300220124 /* Exceptions for "PM-App" folder in "PM-App" target */ = {
			isa = PBXFileSystemSynchronizedBuildFileExceptionSet;
			membershipExceptions = (
				Info.plist,
			);
			target = 575DB3FE2E913D6000220124 /* PM-App */;
		};
/* End PBXFileSystemSynchronizedBuildFileExceptionSet section */

/* Begin PBXFileSystemSynchronizedRootGroup section */
		575DB4012E913D6000220124 /* PM-App */ = {
			isa = PBXFileSystemSynchronizedRootGroup;
			exceptions = (
				575DB4272E913D6300220124 /* Exceptions for "PM-App" folder in "PM-App" target */,
			);
			path = "PM-App";
			sourceTree = "<group>";
		};
		575DB4182E913D6300220124 /* PM-AppTests */ = {
			isa = PBXFileSystemSynchronizedRootGroup;
			path = "PM-AppTests";
			sourceTree = "<group>";
		};
		575DB4222E913D6300220124 /* PM-AppUITests */ = {
			isa = PBXFileSystemSynchronizedRootGroup;
			path = "PM-AppUITests";
			sourceTree = "<group>";
		};
		575DB48B2E914FAE00220124 /* Resources */ = {
			isa = PBXFileSystemSynchronizedRootGroup;
			path = Resources;
			sourceTree = "<group>";
		};
		575DB48C2E914FB700220124 /* Models */ = {
			isa = PBXFileSystemSynchronizedRootGroup;
			path = Models;
			sourceTree = "<group>";
		};
		575DB49D2E91517400220124 /* ViewControllers */ = {
			isa = PBXFileSystemSynchronizedRootGroup;
			path = ViewControllers;
			sourceTree = "<group>";
		};
		575DB4A82E9151DB00220124 /* Helpers */ = {
			isa = PBXFileSystemSynchronizedRootGroup;
			path = Helpers;
			sourceTree = "<group>";
		};
/* End PBXFileSystemSynchronizedRootGroup section */

/* Begin PBXFrameworksBuildPhase section */
		575DB3FC2E913D6000220124 /* Frameworks */ = {
			isa = PBXFrameworksBuildPhase;
			buildActionMask = 2147483647;
			files = (
				57526E6A2E91B0B600A70399 /* ReadiumLCP in Frameworks */,
				57526EA12E91B96E00A70399 /* ReadiumStreamer in Frameworks */,
				57526E682E91B0B600A70399 /* ReadiumAdapterLCPSQLite in Frameworks */,
				57526E6E2E91B0B600A70399 /* ReadiumOPDS in Frameworks */,
				57526E6C2E91B0B600A70399 /* ReadiumNavigator in Frameworks */,
				57526E9F2E91B94F00A70399 /* ReadiumStreamer in Frameworks */,
				57526E662E91B0B600A70399 /* ReadiumAdapterGCDWebServer in Frameworks */,
				57526E702E91B0B600A70399 /* ReadiumShared in Frameworks */,
			);
			runOnlyForDeploymentPostprocessing = 0;
		};
		575DB4122E913D6300220124 /* Frameworks */ = {
			isa = PBXFrameworksBuildPhase;
			buildActionMask = 2147483647;
			files = (
			);
			runOnlyForDeploymentPostprocessing = 0;
		};
		575DB41C2E913D6300220124 /* Frameworks */ = {
			isa = PBXFrameworksBuildPhase;
			buildActionMask = 2147483647;
			files = (
			);
			runOnlyForDeploymentPostprocessing = 0;
		};
/* End PBXFrameworksBuildPhase section */

/* Begin PBXGroup section */
		57526E9D2E91B94F00A70399 /* Frameworks */ = {
			isa = PBXGroup;
			children = (
			);
			name = Frameworks;
			sourceTree = "<group>";
		};
		575DB3F62E913D6000220124 = {
			isa = PBXGroup;
			children = (
				575DB4A82E9151DB00220124 /* Helpers */,
				575DB49D2E91517400220124 /* ViewControllers */,
				575DB48C2E914FB700220124 /* Models */,
				575DB48B2E914FAE00220124 /* Resources */,
				575DB4012E913D6000220124 /* PM-App */,
				575DB4182E913D6300220124 /* PM-AppTests */,
				575DB4222E913D6300220124 /* PM-AppUITests */,
				575DB4002E913D6000220124 /* Products */,
				CADFA886A001D11AB0BA3557 /* Pods */,
				57526E9D2E91B94F00A70399 /* Frameworks */,
			);
			sourceTree = "<group>";
		};
		575DB4002E913D6000220124 /* Products */ = {
			isa = PBXGroup;
			children = (
				575DB3FF2E913D6000220124 /* PM-App.app */,
				575DB4152E913D6300220124 /* PM-AppTests.xctest */,
				575DB41F2E913D6300220124 /* PM-AppUITests.xctest */,
			);
			name = Products;
			sourceTree = "<group>";
		};
		CADFA886A001D11AB0BA3557 /* Pods */ = {
			isa = PBXGroup;
			children = (
			);
			path = Pods;
			sourceTree = "<group>";
		};
/* End PBXGroup section */

/* Begin PBXNativeTarget section */
		575DB3FE2E913D6000220124 /* PM-App */ = {
			isa = PBXNativeTarget;
			buildConfigurationList = 575DB4282E913D6300220124 /* Build configuration list for PBXNativeTarget "PM-App" */;
			buildPhases = (
				575DB3FB2E913D6000220124 /* Sources */,
				575DB3FC2E913D6000220124 /* Frameworks */,
				575DB3FD2E913D6000220124 /* Resources */,
			);
			buildRules = (
			);
			dependencies = (
			);
			fileSystemSynchronizedGroups = (
				575DB4012E913D6000220124 /* PM-App */,
				575DB48B2E914FAE00220124 /* Resources */,
				575DB48C2E914FB700220124 /* Models */,
				575DB49D2E91517400220124 /* ViewControllers */,
				575DB4A82E9151DB00220124 /* Helpers */,
			);
			name = "PM-App";
			productName = "PM-App";
			productReference = 575DB3FF2E913D6000220124 /* PM-App.app */;
			productType = "com.apple.product-type.application";
		};
		575DB4142E913D6300220124 /* PM-AppTests */ = {
			isa = PBXNativeTarget;
			buildConfigurationList = 575DB42D2E913D6300220124 /* Build configuration list for PBXNativeTarget "PM-AppTests" */;
			buildPhases = (
				575DB4112E913D6300220124 /* Sources */,
				575DB4122E913D6300220124 /* Frameworks */,
				575DB4132E913D6300220124 /* Resources */,
			);
			buildRules = (
			);
			dependencies = (
				575DB4172E913D6300220124 /* PBXTargetDependency */,
			);
			fileSystemSynchronizedGroups = (
				575DB4182E913D6300220124 /* PM-AppTests */,
			);
			name = "PM-AppTests";
			productName = "PM-AppTests";
			productReference = 575DB4152E913D6300220124 /* PM-AppTests.xctest */;
			productType = "com.apple.product-type.bundle.unit-test";
		};
		575DB41E2E913D6300220124 /* PM-AppUITests */ = {
			isa = PBXNativeTarget;
			buildConfigurationList = 575DB4302E913D6300220124 /* Build configuration list for PBXNativeTarget "PM-AppUITests" */;
			buildPhases = (
				575DB41B2E913D6300220124 /* Sources */,
				575DB41C2E913D6300220124 /* Frameworks */,
				575DB41D2E913D6300220124 /* Resources */,
			);
			buildRules = (
			);
			dependencies = (
				575DB4212E913D6300220124 /* PBXTargetDependency */,
			);
			fileSystemSynchronizedGroups = (
				575DB4222E913D6300220124 /* PM-AppUITests */,
			);
			name = "PM-AppUITests";
			productName = "PM-AppUITests";
			productReference = 575DB41F2E913D6300220124 /* PM-AppUITests.xctest */;
			productType = "com.apple.product-type.bundle.ui-testing";
		};
/* End PBXNativeTarget section */

/* Begin PBXProject section */
		575DB3F72E913D6000220124 /* Project object */ = {
			isa = PBXProject;
			attributes = {
				BuildIndependentTargetsInParallel = 1;
				LastSwiftUpdateCheck = 2600;
				LastUpgradeCheck = 2600;
				TargetAttributes = {
					575DB3FE2E913D6000220124 = {
						CreatedOnToolsVersion = 26.0.1;
					};
					575DB4142E913D6300220124 = {
						CreatedOnToolsVersion = 26.0.1;
						TestTargetID = 575DB3FE2E913D6000220124;
					};
					575DB41E2E913D6300220124 = {
						CreatedOnToolsVersion = 26.0.1;
						TestTargetID = 575DB3FE2E913D6000220124;
					};
				};
			};
			buildConfigurationList = 575DB3FA2E913D6000220124 /* Build configuration list for PBXProject "PM-App" */;
			developmentRegion = en;
			hasScannedForEncodings = 0;
			knownRegions = (
				en,
				Base,
			);
			mainGroup = 575DB3F62E913D6000220124;
			minimizedProjectReferenceProxies = 1;
			packageReferences = (
				57526E642E91B0B600A70399 /* XCRemoteSwiftPackageReference "swift-toolkit" */,
			);
			preferredProjectObjectVersion = 77;
			productRefGroup = 575DB4002E913D6000220124 /* Products */;
			projectDirPath = "";
			projectRoot = "";
			targets = (
				575DB3FE2E913D6000220124 /* PM-App */,
				575DB4142E913D6300220124 /* PM-AppTests */,
				575DB41E2E913D6300220124 /* PM-AppUITests */,
			);
		};
/* End PBXProject section */

/* Begin PBXResourcesBuildPhase section */
		575DB3FD2E913D6000220124 /* Resources */ = {
			isa = PBXResourcesBuildPhase;
			buildActionMask = 2147483647;
			files = (
			);
			runOnlyForDeploymentPostprocessing = 0;
		};
		575DB4132E913D6300220124 /* Resources */ = {
			isa = PBXResourcesBuildPhase;
			buildActionMask = 2147483647;
			files = (
			);
			runOnlyForDeploymentPostprocessing = 0;
		};
		575DB41D2E913D6300220124 /* Resources */ = {
			isa = PBXResourcesBuildPhase;
			buildActionMask = 2147483647;
			files = (
			);
			runOnlyForDeploymentPostprocessing = 0;
		};
/* End PBXResourcesBuildPhase section */

/* Begin PBXSourcesBuildPhase section */
		575DB3FB2E913D6000220124 /* Sources */ = {
			isa = PBXSourcesBuildPhase;
			buildActionMask = 2147483647;
			files = (
			);
			runOnlyForDeploymentPostprocessing = 0;
		};
		575DB4112E913D6300220124 /* Sources */ = {
			isa = PBXSourcesBuildPhase;
			buildActionMask = 2147483647;
			files = (
			);
			runOnlyForDeploymentPostprocessing = 0;
		};
		575DB41B2E913D6300220124 /* Sources */ = {
			isa = PBXSourcesBuildPhase;
			buildActionMask = 2147483647;
			files = (
			);
			runOnlyForDeploymentPostprocessing = 0;
		};
/* End PBXSourcesBuildPhase section */

/* Begin PBXTargetDependency section */
		575DB4172E913D6300220124 /* PBXTargetDependency */ = {
			isa = PBXTargetDependency;
			target = 575DB3FE2E913D6000220124 /* PM-App */;
			targetProxy = 575DB4162E913D6300220124 /* PBXContainerItemProxy */;
		};
		575DB4212E913D6300220124 /* PBXTargetDependency */ = {
			isa = PBXTargetDependency;
			target = 575DB3FE2E913D6000220124 /* PM-App */;
			targetProxy = 575DB4202E913D6300220124 /* PBXContainerItemProxy */;
		};
/* End PBXTargetDependency section */

/* Begin XCBuildConfiguration section */
		575DB4292E913D6300220124 /* Debug */ = {
			isa = XCBuildConfiguration;
			buildSettings = {
				ASSETCATALOG_COMPILER_APPICON_NAME = AppIcon;
				ASSETCATALOG_COMPILER_GLOBAL_ACCENT_COLOR_NAME = AccentColor;
				CODE_SIGN_STYLE = Automatic;
				CURRENT_PROJECT_VERSION = 1;
				DEVELOPMENT_TEAM = B27S49P66R;
				GENERATE_INFOPLIST_FILE = YES;
				INFOPLIST_FILE = "PM-App/Info.plist";
				INFOPLIST_KEY_UIApplicationSupportsIndirectInputEvents = YES;
				INFOPLIST_KEY_UILaunchStoryboardName = LaunchScreen;
				INFOPLIST_KEY_UIMainStoryboardFile = Main;
				INFOPLIST_KEY_UISupportedInterfaceOrientations_iPad = "UIInterfaceOrientationPortrait UIInterfaceOrientationPortraitUpsideDown UIInterfaceOrientationLandscapeLeft UIInterfaceOrientationLandscapeRight";
				INFOPLIST_KEY_UISupportedInterfaceOrientations_iPhone = "UIInterfaceOrientationPortrait UIInterfaceOrientationLandscapeLeft UIInterfaceOrientationLandscapeRight";
				LD_RUNPATH_SEARCH_PATHS = (
					"$(inherited)",
					"@executable_path/Frameworks",
				);
				MARKETING_VERSION = 1.0;
				PRODUCT_BUNDLE_IDENTIFIER = "ahmedliaqatff.PM-App";
				PRODUCT_NAME = "$(TARGET_NAME)";
				STRING_CATALOG_GENERATE_SYMBOLS = YES;
				SWIFT_APPROACHABLE_CONCURRENCY = YES;
				SWIFT_DEFAULT_ACTOR_ISOLATION = MainActor;
				SWIFT_EMIT_LOC_STRINGS = YES;
				SWIFT_UPCOMING_FEATURE_MEMBER_IMPORT_VISIBILITY = YES;
				SWIFT_VERSION = 5.0;
				TARGETED_DEVICE_FAMILY = "1,2";
			};
			name = Debug;
		};
		575DB42A2E913D6300220124 /* Release */ = {
			isa = XCBuildConfiguration;
			buildSettings = {
				ASSETCATALOG_COMPILER_APPICON_NAME = AppIcon;
				ASSETCATALOG_COMPILER_GLOBAL_ACCENT_COLOR_NAME = AccentColor;
				CODE_SIGN_STYLE = Automatic;
				CURRENT_PROJECT_VERSION = 1;
				DEVELOPMENT_TEAM = B27S49P66R;
				GENERATE_INFOPLIST_FILE = YES;
				INFOPLIST_FILE = "PM-App/Info.plist";
				INFOPLIST_KEY_UIApplicationSupportsIndirectInputEvents = YES;
				INFOPLIST_KEY_UILaunchStoryboardName = LaunchScreen;
				INFOPLIST_KEY_UIMainStoryboardFile = Main;
				INFOPLIST_KEY_UISupportedInterfaceOrientations_iPad = "UIInterfaceOrientationPortrait UIInterfaceOrientationPortraitUpsideDown UIInterfaceOrientationLandscapeLeft UIInterfaceOrientationLandscapeRight";
				INFOPLIST_KEY_UISupportedInterfaceOrientations_iPhone = "UIInterfaceOrientationPortrait UIInterfaceOrientationLandscapeLeft UIInterfaceOrientationLandscapeRight";
				LD_RUNPATH_SEARCH_PATHS = (
					"$(inherited)",
					"@executable_path/Frameworks",
				);
				MARKETING_VERSION = 1.0;
				PRODUCT_BUNDLE_IDENTIFIER = "ahmedliaqatff.PM-App";
				PRODUCT_NAME = "$(TARGET_NAME)";
				STRING_CATALOG_GENERATE_SYMBOLS = YES;
				SWIFT_APPROACHABLE_CONCURRENCY = YES;
				SWIFT_DEFAULT_ACTOR_ISOLATION = MainActor;
				SWIFT_EMIT_LOC_STRINGS = YES;
				SWIFT_UPCOMING_FEATURE_MEMBER_IMPORT_VISIBILITY = YES;
				SWIFT_VERSION = 5.0;
				TARGETED_DEVICE_FAMILY = "1,2";
			};
			name = Release;
		};
		575DB42B2E913D6300220124 /* Debug */ = {
			isa = XCBuildConfiguration;
			buildSettings = {
				ALWAYS_SEARCH_USER_PATHS = NO;
				ASSETCATALOG_COMPILER_GENERATE_SWIFT_ASSET_SYMBOL_EXTENSIONS = YES;
				CLANG_ANALYZER_NONNULL = YES;
				CLANG_ANALYZER_NUMBER_OBJECT_CONVERSION = YES_AGGRESSIVE;
				CLANG_CXX_LANGUAGE_STANDARD = "gnu++20";
				CLANG_ENABLE_MODULES = YES;
				CLANG_ENABLE_OBJC_ARC = YES;
				CLANG_ENABLE_OBJC_WEAK = YES;
				CLANG_WARN_BLOCK_CAPTURE_AUTORELEASING = YES;
				CLANG_WARN_BOOL_CONVERSION = YES;
				CLANG_WARN_COMMA = YES;
				CLANG_WARN_CONSTANT_CONVERSION = YES;
				CLANG_WARN_DEPRECATED_OBJC_IMPLEMENTATIONS = YES;
				CLANG_WARN_DIRECT_OBJC_ISA_USAGE = YES_ERROR;
				CLANG_WARN_DOCUMENTATION_COMMENTS = YES;
				CLANG_WARN_EMPTY_BODY = YES;
				CLANG_WARN_ENUM_CONVERSION = YES;
				CLANG_WARN_INFINITE_RECURSION = YES;
				CLANG_WARN_INT_CONVERSION = YES;
				CLANG_WARN_NON_LITERAL_NULL_CONVERSION = YES;
				CLANG_WARN_OBJC_IMPLICIT_RETAIN_SELF = YES;
				CLANG_WARN_OBJC_LITERAL_CONVERSION = YES;
				CLANG_WARN_OBJC_ROOT_CLASS = YES_ERROR;
				CLANG_WARN_QUOTED_INCLUDE_IN_FRAMEWORK_HEADER = YES;
				CLANG_WARN_RANGE_LOOP_ANALYSIS = YES;
				CLANG_WARN_STRICT_PROTOTYPES = YES;
				CLANG_WARN_SUSPICIOUS_MOVE = YES;
				CLANG_WARN_UNGUARDED_AVAILABILITY = YES_AGGRESSIVE;
				CLANG_WARN_UNREACHABLE_CODE = YES;
				CLANG_WARN__DUPLICATE_METHOD_MATCH = YES;
				COPY_PHASE_STRIP = NO;
				DEBUG_INFORMATION_FORMAT = dwarf;
				DEVELOPMENT_TEAM = B27S49P66R;
				ENABLE_STRICT_OBJC_MSGSEND = YES;
				ENABLE_TESTABILITY = YES;
				ENABLE_USER_SCRIPT_SANDBOXING = NO;
				GCC_C_LANGUAGE_STANDARD = gnu17;
				GCC_DYNAMIC_NO_PIC = NO;
				GCC_NO_COMMON_BLOCKS = YES;
				GCC_OPTIMIZATION_LEVEL = 0;
				GCC_PREPROCESSOR_DEFINITIONS = (
					"DEBUG=1",
					"$(inherited)",
				);
				GCC_WARN_64_TO_32_BIT_CONVERSION = YES;
				GCC_WARN_ABOUT_RETURN_TYPE = YES_ERROR;
				GCC_WARN_UNDECLARED_SELECTOR = YES;
				GCC_WARN_UNINITIALIZED_AUTOS = YES_AGGRESSIVE;
				GCC_WARN_UNUSED_FUNCTION = YES;
				GCC_WARN_UNUSED_VARIABLE = YES;
				IPHONEOS_DEPLOYMENT_TARGET = 26.0;
				LOCALIZATION_PREFERS_STRING_CATALOGS = YES;
				MTL_ENABLE_DEBUG_INFO = INCLUDE_SOURCE;
				MTL_FAST_MATH = YES;
				ONLY_ACTIVE_ARCH = YES;
				SDKROOT = iphoneos;
				SWIFT_ACTIVE_COMPILATION_CONDITIONS = "DEBUG $(inherited)";
				SWIFT_OPTIMIZATION_LEVEL = "-Onone";
			};
			name = Debug;
		};
		575DB42C2E913D6300220124 /* Release */ = {
			isa = XCBuildConfiguration;
			buildSettings = {
				ALWAYS_SEARCH_USER_PATHS = NO;
				ASSETCATALOG_COMPILER_GENERATE_SWIFT_ASSET_SYMBOL_EXTENSIONS = YES;
				CLANG_ANALYZER_NONNULL = YES;
				CLANG_ANALYZER_NUMBER_OBJECT_CONVERSION = YES_AGGRESSIVE;
				CLANG_CXX_LANGUAGE_STANDARD = "gnu++20";
				CLANG_ENABLE_MODULES = YES;
				CLANG_ENABLE_OBJC_ARC = YES;
				CLANG_ENABLE_OBJC_WEAK = YES;
				CLANG_WARN_BLOCK_CAPTURE_AUTORELEASING = YES;
				CLANG_WARN_BOOL_CONVERSION = YES;
				CLANG_WARN_COMMA = YES;
				CLANG_WARN_CONSTANT_CONVERSION = YES;
				CLANG_WARN_DEPRECATED_OBJC_IMPLEMENTATIONS = YES;
				CLANG_WARN_DIRECT_OBJC_ISA_USAGE = YES_ERROR;
				CLANG_WARN_DOCUMENTATION_COMMENTS = YES;
				CLANG_WARN_EMPTY_BODY = YES;
				CLANG_WARN_ENUM_CONVERSION = YES;
				CLANG_WARN_INFINITE_RECURSION = YES;
				CLANG_WARN_INT_CONVERSION = YES;
				CLANG_WARN_NON_LITERAL_NULL_CONVERSION = YES;
				CLANG_WARN_OBJC_IMPLICIT_RETAIN_SELF = YES;
				CLANG_WARN_OBJC_LITERAL_CONVERSION = YES;
				CLANG_WARN_OBJC_ROOT_CLASS = YES_ERROR;
				CLANG_WARN_QUOTED_INCLUDE_IN_FRAMEWORK_HEADER = YES;
				CLANG_WARN_RANGE_LOOP_ANALYSIS = YES;
				CLANG_WARN_STRICT_PROTOTYPES = YES;
				CLANG_WARN_SUSPICIOUS_MOVE = YES;
				CLANG_WARN_UNGUARDED_AVAILABILITY = YES_AGGRESSIVE;
				CLANG_WARN_UNREACHABLE_CODE = YES;
				CLANG_WARN__DUPLICATE_METHOD_MATCH = YES;
				COPY_PHASE_STRIP = NO;
				DEBUG_INFORMATION_FORMAT = "dwarf-with-dsym";
				DEVELOPMENT_TEAM = B27S49P66R;
				ENABLE_NS_ASSERTIONS = NO;
				ENABLE_STRICT_OBJC_MSGSEND = YES;
				ENABLE_USER_SCRIPT_SANDBOXING = NO;
				GCC_C_LANGUAGE_STANDARD = gnu17;
				GCC_NO_COMMON_BLOCKS = YES;
				GCC_WARN_64_TO_32_BIT_CONVERSION = YES;
				GCC_WARN_ABOUT_RETURN_TYPE = YES_ERROR;
				GCC_WARN_UNDECLARED_SELECTOR = YES;
				GCC_WARN_UNINITIALIZED_AUTOS = YES_AGGRESSIVE;
				GCC_WARN_UNUSED_FUNCTION = YES;
				GCC_WARN_UNUSED_VARIABLE = YES;
				IPHONEOS_DEPLOYMENT_TARGET = 26.0;
				LOCALIZATION_PREFERS_STRING_CATALOGS = YES;
				MTL_ENABLE_DEBUG_INFO = NO;
				MTL_FAST_MATH = YES;
				SDKROOT = iphoneos;
				SWIFT_COMPILATION_MODE = wholemodule;
				VALIDATE_PRODUCT = YES;
			};
			name = Release;
		};
		575DB42E2E913D6300220124 /* Debug */ = {
			isa = XCBuildConfiguration;
			buildSettings = {
				BUNDLE_LOADER = "$(TEST_HOST)";
				CODE_SIGN_STYLE = Automatic;
				CURRENT_PROJECT_VERSION = 1;
				DEVELOPMENT_TEAM = B27S49P66R;
				GENERATE_INFOPLIST_FILE = YES;
				IPHONEOS_DEPLOYMENT_TARGET = 26.0;
				MARKETING_VERSION = 1.0;
				PRODUCT_BUNDLE_IDENTIFIER = "ahmedliaqatff.PM-AppTests";
				PRODUCT_NAME = "$(TARGET_NAME)";
				STRING_CATALOG_GENERATE_SYMBOLS = NO;
				SWIFT_APPROACHABLE_CONCURRENCY = YES;
				SWIFT_EMIT_LOC_STRINGS = NO;
				SWIFT_UPCOMING_FEATURE_MEMBER_IMPORT_VISIBILITY = YES;
				SWIFT_VERSION = 5.0;
				TARGETED_DEVICE_FAMILY = "1,2";
				TEST_HOST = "$(BUILT_PRODUCTS_DIR)/PM-App.app/$(BUNDLE_EXECUTABLE_FOLDER_PATH)/PM-App";
			};
			name = Debug;
		};
		575DB42F2E913D6300220124 /* Release */ = {
			isa = XCBuildConfiguration;
			buildSettings = {
				BUNDLE_LOADER = "$(TEST_HOST)";
				CODE_SIGN_STYLE = Automatic;
				CURRENT_PROJECT_VERSION = 1;
				DEVELOPMENT_TEAM = B27S49P66R;
				GENERATE_INFOPLIST_FILE = YES;
				IPHONEOS_DEPLOYMENT_TARGET = 26.0;
				MARKETING_VERSION = 1.0;
				PRODUCT_BUNDLE_IDENTIFIER = "ahmedliaqatff.PM-AppTests";
				PRODUCT_NAME = "$(TARGET_NAME)";
				STRING_CATALOG_GENERATE_SYMBOLS = NO;
				SWIFT_APPROACHABLE_CONCURRENCY = YES;
				SWIFT_EMIT_LOC_STRINGS = NO;
				SWIFT_UPCOMING_FEATURE_MEMBER_IMPORT_VISIBILITY = YES;
				SWIFT_VERSION = 5.0;
				TARGETED_DEVICE_FAMILY = "1,2";
				TEST_HOST = "$(BUILT_PRODUCTS_DIR)/PM-App.app/$(BUNDLE_EXECUTABLE_FOLDER_PATH)/PM-App";
			};
			name = Release;
		};
		575DB4312E913D6300220124 /* Debug */ = {
			isa = XCBuildConfiguration;
			buildSettings = {
				CODE_SIGN_STYLE = Automatic;
				CURRENT_PROJECT_VERSION = 1;
				DEVELOPMENT_TEAM = B27S49P66R;
				GENERATE_INFOPLIST_FILE = YES;
				MARKETING_VERSION = 1.0;
				PRODUCT_BUNDLE_IDENTIFIER = "ahmedliaqatff.PM-AppUITests";
				PRODUCT_NAME = "$(TARGET_NAME)";
				STRING_CATALOG_GENERATE_SYMBOLS = NO;
				SWIFT_APPROACHABLE_CONCURRENCY = YES;
				SWIFT_EMIT_LOC_STRINGS = NO;
				SWIFT_UPCOMING_FEATURE_MEMBER_IMPORT_VISIBILITY = YES;
				SWIFT_VERSION = 5.0;
				TARGETED_DEVICE_FAMILY = "1,2";
				TEST_TARGET_NAME = "PM-App";
			};
			name = Debug;
		};
		575DB4322E913D6300220124 /* Release */ = {
			isa = XCBuildConfiguration;
			buildSettings = {
				CODE_SIGN_STYLE = Automatic;
				CURRENT_PROJECT_VERSION = 1;
				DEVELOPMENT_TEAM = B27S49P66R;
				GENERATE_INFOPLIST_FILE = YES;
				MARKETING_VERSION = 1.0;
				PRODUCT_BUNDLE_IDENTIFIER = "ahmedliaqatff.PM-AppUITests";
				PRODUCT_NAME = "$(TARGET_NAME)";
				STRING_CATALOG_GENERATE_SYMBOLS = NO;
				SWIFT_APPROACHABLE_CONCURRENCY = YES;
				SWIFT_EMIT_LOC_STRINGS = NO;
				SWIFT_UPCOMING_FEATURE_MEMBER_IMPORT_VISIBILITY = YES;
				SWIFT_VERSION = 5.0;
				TARGETED_DEVICE_FAMILY = "1,2";
				TEST_TARGET_NAME = "PM-App";
			};
			name = Release;
		};
/* End XCBuildConfiguration section */

/* Begin XCConfigurationList section */
		575DB3FA2E913D6000220124 /* Build configuration list for PBXProject "PM-App" */ = {
			isa = XCConfigurationList;
			buildConfigurations = (
				575DB42B2E913D6300220124 /* Debug */,
				575DB42C2E913D6300220124 /* Release */,
			);
			defaultConfigurationIsVisible = 0;
			defaultConfigurationName = Release;
		};
		575DB4282E913D6300220124 /* Build configuration list for PBXNativeTarget "PM-App" */ = {
			isa = XCConfigurationList;
			buildConfigurations = (
				575DB4292E913D6300220124 /* Debug */,
				575DB42A2E913D6300220124 /* Release */,
			);
			defaultConfigurationIsVisible = 0;
			defaultConfigurationName = Release;
		};
		575DB42D2E913D6300220124 /* Build configuration list for PBXNativeTarget "PM-AppTests" */ = {
			isa = XCConfigurationList;
			buildConfigurations = (
				575DB42E2E913D6300220124 /* Debug */,
				575DB42F2E913D6300220124 /* Release */,
			);
			defaultConfigurationIsVisible = 0;
			defaultConfigurationName = Release;
		};
		575DB4302E913D6300220124 /* Build configuration list for PBXNativeTarget "PM-AppUITests" */ = {
			isa = XCConfigurationList;
			buildConfigurations = (
				575DB4312E913D6300220124 /* Debug */,
				575DB4322E913D6300220124 /* Release */,
			);
			defaultConfigurationIsVisible = 0;
			defaultConfigurationName = Release;
		};
/* End XCConfigurationList section */

/* Begin XCRemoteSwiftPackageReference section */
		57526E642E91B0B600A70399 /* XCRemoteSwiftPackageReference "swift-toolkit" */ = {
			isa = XCRemoteSwiftPackageReference;
			repositoryURL = "https://github.com/readium/swift-toolkit";
			requirement = {
				kind = upToNextMajorVersion;
				minimumVersion = 3.4.0;
			};
		};
/* End XCRemoteSwiftPackageReference section */

/* Begin XCSwiftPackageProductDependency section */
		57526E652E91B0B600A70399 /* ReadiumAdapterGCDWebServer */ = {
			isa = XCSwiftPackageProductDependency;
			package = 57526E642E91B0B600A70399 /* XCRemoteSwiftPackageReference "swift-toolkit" */;
			productName = ReadiumAdapterGCDWebServer;
		};
		57526E672E91B0B600A70399 /* ReadiumAdapterLCPSQLite */ = {
			isa = XCSwiftPackageProductDependency;
			package = 57526E642E91B0B600A70399 /* XCRemoteSwiftPackageReference "swift-toolkit" */;
			productName = ReadiumAdapterLCPSQLite;
		};
		57526E692E91B0B600A70399 /* ReadiumLCP */ = {
			isa = XCSwiftPackageProductDependency;
			package = 57526E642E91B0B600A70399 /* XCRemoteSwiftPackageReference "swift-toolkit" */;
			productName = ReadiumLCP;
		};
		57526E6B2E91B0B600A70399 /* ReadiumNavigator */ = {
			isa = XCSwiftPackageProductDependency;
			package = 57526E642E91B0B600A70399 /* XCRemoteSwiftPackageReference "swift-toolkit" */;
			productName = ReadiumNavigator;
		};
		57526E6D2E91B0B600A70399 /* ReadiumOPDS */ = {
			isa = XCSwiftPackageProductDependency;
			package = 57526E642E91B0B600A70399 /* XCRemoteSwiftPackageReference "swift-toolkit" */;
			productName = ReadiumOPDS;
		};
		57526E6F2E91B0B600A70399 /* ReadiumShared */ = {
			isa = XCSwiftPackageProductDependency;
			package = 57526E642E91B0B600A70399 /* XCRemoteSwiftPackageReference "swift-toolkit" */;
			productName = ReadiumShared;
		};
		57526E9E2E91B94F00A70399 /* ReadiumStreamer */ = {
			isa = XCSwiftPackageProductDependency;
			package = 57526E642E91B0B600A70399 /* XCRemoteSwiftPackageReference "swift-toolkit" */;
			productName = ReadiumStreamer;
		};
		57526EA02E91B96E00A70399 /* ReadiumStreamer */ = {
			isa = XCSwiftPackageProductDependency;
			package = 57526E642E91B0B600A70399 /* XCRemoteSwiftPackageReference "swift-toolkit" */;
			productName = ReadiumStreamer;
		};
/* End XCSwiftPackageProductDependency section */
	};
	rootObject = 575DB3F72E913D6000220124 /* Project object */;
}
