// !$*UTF8*$!
{
	archiveVersion = 1;
	classes = {
	};
	objectVersion = 77;
	objects = {

/* Begin PBXBuildFile section */
		79B066CE250DEE5114F9B20B /* Pods_PM_App.framework in Frameworks */ = {isa = PBXBuildFile; fileRef = 3F6C5EF6B7C0CFCDDCA740C4 /* Pods_PM_App.framework */; };
		9EEA09E8C8F0C48DBE43DA30 /* Pods_PM_AppTests.framework in Frameworks */ = {isa = PBXBuildFile; fileRef = 450B0A7CAA5A86D559E75229 /* Pods_PM_AppTests.framework */; };
		B6D6900173A1A63F6F0969CD /* Pods_PM_App_PM_AppUITests.framework in Frameworks */ = {isa = PBXBuildFile; fileRef = BD2720F46C660C66DEA0E088 /* Pods_PM_App_PM_AppUITests.framework */; };
/* End PBXBuildFile section */

/* Begin PBXContainerItemProxy section */
		575DB4162E913D6300220124 /* PBXContainerItemProxy */ = {
			isa = PBXContainerItemProxy;
			containerPortal = 575DB3F72E913D6000220124 /* Project object */;
			proxyType = 1;
			remoteGlobalIDString = 575DB3FE2E913D6000220124;
			remoteInfo = "PM-App";
		};
		575DB4202E913D6300220124 /* PBXContainerItemProxy */ = {
			isa = PBXContainerItemProxy;
			containerPortal = 575DB3F72E913D6000220124 /* Project object */;
			proxyType = 1;
			remoteGlobalIDString = 575DB3FE2E913D6000220124;
			remoteInfo = "PM-App";
		};
/* End PBXContainerItemProxy section */

/* Begin PBXFileReference section */
		3476EC3A2C6D56328919D6E2 /* Pods-PM-AppTests.release.xcconfig */ = {isa = PBXFileReference; includeInIndex = 1; lastKnownFileType = text.xcconfig; name = "Pods-PM-AppTests.release.xcconfig"; path = "Target Support Files/Pods-PM-AppTests/Pods-PM-AppTests.release.xcconfig"; sourceTree = "<group>"; };
		3BC27C688B4E83BA6B607EC8 /* Pods-PM-App-PM-AppUITests.release.xcconfig */ = {isa = PBXFileReference; includeInIndex = 1; lastKnownFileType = text.xcconfig; name = "Pods-PM-App-PM-AppUITests.release.xcconfig"; path = "Target Support Files/Pods-PM-App-PM-AppUITests/Pods-PM-App-PM-AppUITests.release.xcconfig"; sourceTree = "<group>"; };
		3F6C5EF6B7C0CFCDDCA740C4 /* Pods_PM_App.framework */ = {isa = PBXFileReference; explicitFileType = wrapper.framework; includeInIndex = 0; path = Pods_PM_App.framework; sourceTree = BUILT_PRODUCTS_DIR; };
		450B0A7CAA5A86D559E75229 /* Pods_PM_AppTests.framework */ = {isa = PBXFileReference; explicitFileType = wrapper.framework; includeInIndex = 0; path = Pods_PM_AppTests.framework; sourceTree = BUILT_PRODUCTS_DIR; };
		575DB3FF2E913D6000220124 /* PM-App.app */ = {isa = PBXFileReference; explicitFileType = wrapper.application; includeInIndex = 0; path = "PM-App.app"; sourceTree = BUILT_PRODUCTS_DIR; };
		575DB4152E913D6300220124 /* PM-AppTests.xctest */ = {isa = PBXFileReference; explicitFileType = wrapper.cfbundle; includeInIndex = 0; path = "PM-AppTests.xctest"; sourceTree = BUILT_PRODUCTS_DIR; };
		575DB41F2E913D6300220124 /* PM-AppUITests.xctest */ = {isa = PBXFileReference; explicitFileType = wrapper.cfbundle; includeInIndex = 0; path = "PM-AppUITests.xctest"; sourceTree = BUILT_PRODUCTS_DIR; };
		86BDE23B86E9C91F95FD84C6 /* Pods-PM-App-PM-AppUITests.debug.xcconfig */ = {isa = PBXFileReference; includeInIndex = 1; lastKnownFileType = text.xcconfig; name = "Pods-PM-App-PM-AppUITests.debug.xcconfig"; path = "Target Support Files/Pods-PM-App-PM-AppUITests/Pods-PM-App-PM-AppUITests.debug.xcconfig"; sourceTree = "<group>"; };
		A524E79B18820CFA755A4DBF /* Pods-PM-App.debug.xcconfig */ = {isa = PBXFileReference; includeInIndex = 1; lastKnownFileType = text.xcconfig; name = "Pods-PM-App.debug.xcconfig"; path = "Target Support Files/Pods-PM-App/Pods-PM-App.debug.xcconfig"; sourceTree = "<group>"; };
		BD2720F46C660C66DEA0E088 /* Pods_PM_App_PM_AppUITests.framework */ = {isa = PBXFileReference; explicitFileType = wrapper.framework; includeInIndex = 0; path = Pods_PM_App_PM_AppUITests.framework; sourceTree = BUILT_PRODUCTS_DIR; };
		D853458EF4359D3C82A89892 /* Pods-PM-App.release.xcconfig */ = {isa = PBXFileReference; includeInIndex = 1; lastKnownFileType = text.xcconfig; name = "Pods-PM-App.release.xcconfig"; path = "Target Support Files/Pods-PM-App/Pods-PM-App.release.xcconfig"; sourceTree = "<group>"; };
		DF7FE2425B4CD00726BD2C6A /* Pods-PM-AppTests.debug.xcconfig */ = {isa = PBXFileReference; includeInIndex = 1; lastKnownFileType = text.xcconfig; name = "Pods-PM-AppTests.debug.xcconfig"; path = "Target Support Files/Pods-PM-AppTests/Pods-PM-AppTests.debug.xcconfig"; sourceTree = "<group>"; };
/* End PBXFileReference section */

/* Begin PBXFileSystemSynchronizedBuildFileExceptionSet section */
		575DB4272E913D6300220124 /* Exceptions for "PM-App" folder in "PM-App" target */ = {
			isa = PBXFileSystemSynchronizedBuildFileExceptionSet;
			membershipExceptions = (
				Info.plist,
			);
			target = 575DB3FE2E913D6000220124 /* PM-App */;
		};
/* End PBXFileSystemSynchronizedBuildFileExceptionSet section */

/* Begin PBXFileSystemSynchronizedRootGroup section */
		575DB4012E913D6000220124 /* PM-App */ = {
			isa = PBXFileSystemSynchronizedRootGroup;
			exceptions = (
				575DB4272E913D6300220124 /* Exceptions for "PM-App" folder in "PM-App" target */,
			);
			path = "PM-App";
			sourceTree = "<group>";
		};
		575DB4182E913D6300220124 /* PM-AppTests */ = {
			isa = PBXFileSystemSynchronizedRootGroup;
			exceptions = (
			);
			path = "PM-AppTests";
			sourceTree = "<group>";
		};
		575DB4222E913D6300220124 /* PM-AppUITests */ = {
			isa = PBXFileSystemSynchronizedRootGroup;
			exceptions = (
			);
			path = "PM-AppUITests";
			sourceTree = "<group>";
		};
/* End PBXFileSystemSynchronizedRootGroup section */

/* Begin PBXFrameworksBuildPhase section */
		575DB3FC2E913D6000220124 /* Frameworks */ = {
			isa = PBXFrameworksBuildPhase;
			buildActionMask = 2147483647;
			files = (
				79B066CE250DEE5114F9B20B /* Pods_PM_App.framework in Frameworks */,
			);
			runOnlyForDeploymentPostprocessing = 0;
		};
		575DB4122E913D6300220124 /* Frameworks */ = {
			isa = PBXFrameworksBuildPhase;
			buildActionMask = 2147483647;
			files = (
				9EEA09E8C8F0C48DBE43DA30 /* Pods_PM_AppTests.framework in Frameworks */,
			);
			runOnlyForDeploymentPostprocessing = 0;
		};
		575DB41C2E913D6300220124 /* Frameworks */ = {
			isa = PBXFrameworksBuildPhase;
			buildActionMask = 2147483647;
			files = (
				B6D6900173A1A63F6F0969CD /* Pods_PM_App_PM_AppUITests.framework in Frameworks */,
			);
			runOnlyForDeploymentPostprocessing = 0;
		};
/* End PBXFrameworksBuildPhase section */

/* Begin PBXGroup section */
		2C105E255A399B7471ED5E18 /* Frameworks */ = {
			isa = PBXGroup;
			children = (
				3F6C5EF6B7C0CFCDDCA740C4 /* Pods_PM_App.framework */,
				BD2720F46C660C66DEA0E088 /* Pods_PM_App_PM_AppUITests.framework */,
				450B0A7CAA5A86D559E75229 /* Pods_PM_AppTests.framework */,
			);
			name = Frameworks;
			sourceTree = "<group>";
		};
		575DB3F62E913D6000220124 = {
			isa = PBXGroup;
			children = (
				575DB4012E913D6000220124 /* PM-App */,
				575DB4182E913D6300220124 /* PM-AppTests */,
				575DB4222E913D6300220124 /* PM-AppUITests */,
				575DB4002E913D6000220124 /* Products */,
				CADFA886A001D11AB0BA3557 /* Pods */,
				2C105E255A399B7471ED5E18 /* Frameworks */,
			);
			sourceTree = "<group>";
		};
		575DB4002E913D6000220124 /* Products */ = {
			isa = PBXGroup;
			children = (
				575DB3FF2E913D6000220124 /* PM-App.app */,
				575DB4152E913D6300220124 /* PM-AppTests.xctest */,
				575DB41F2E913D6300220124 /* PM-AppUITests.xctest */,
			);
			name = Products;
			sourceTree = "<group>";
		};
		CADFA886A001D11AB0BA3557 /* Pods */ = {
			isa = PBXGroup;
			children = (
				A524E79B18820CFA755A4DBF /* Pods-PM-App.debug.xcconfig */,
				D853458EF4359D3C82A89892 /* Pods-PM-App.release.xcconfig */,
				86BDE23B86E9C91F95FD84C6 /* Pods-PM-App-PM-AppUITests.debug.xcconfig */,
				3BC27C688B4E83BA6B607EC8 /* Pods-PM-App-PM-AppUITests.release.xcconfig */,
				DF7FE2425B4CD00726BD2C6A /* Pods-PM-AppTests.debug.xcconfig */,
				3476EC3A2C6D56328919D6E2 /* Pods-PM-AppTests.release.xcconfig */,
			);
			name = Pods;
			path = Pods;
			sourceTree = "<group>";
		};
/* End PBXGroup section */

/* Begin PBXNativeTarget section */
		575DB3FE2E913D6000220124 /* PM-App */ = {
			isa = PBXNativeTarget;
			buildConfigurationList = 575DB4282E913D6300220124 /* Build configuration list for PBXNativeTarget "PM-App" */;
			buildPhases = (
				5F8F9BAB6B566FFE820BFCA1 /* [CP] Check Pods Manifest.lock */,
				575DB3FB2E913D6000220124 /* Sources */,
				575DB3FC2E913D6000220124 /* Frameworks */,
				575DB3FD2E913D6000220124 /* Resources */,
				78D1E598B9307083D380AFFB /* [CP] Embed Pods Frameworks */,
			);
			buildRules = (
			);
			dependencies = (
			);
			fileSystemSynchronizedGroups = (
				575DB4012E913D6000220124 /* PM-App */,
			);
			name = "PM-App";
			productName = "PM-App";
			productReference = 575DB3FF2E913D6000220124 /* PM-App.app */;
			productType = "com.apple.product-type.application";
		};
		575DB4142E913D6300220124 /* PM-AppTests */ = {
			isa = PBXNativeTarget;
			buildConfigurationList = 575DB42D2E913D6300220124 /* Build configuration list for PBXNativeTarget "PM-AppTests" */;
			buildPhases = (
				D5B164F782B9B8A4EDB064A3 /* [CP] Check Pods Manifest.lock */,
				575DB4112E913D6300220124 /* Sources */,
				575DB4122E913D6300220124 /* Frameworks */,
				575DB4132E913D6300220124 /* Resources */,
			);
			buildRules = (
			);
			dependencies = (
				575DB4172E913D6300220124 /* PBXTargetDependency */,
			);
			fileSystemSynchronizedGroups = (
				575DB4182E913D6300220124 /* PM-AppTests */,
			);
			name = "PM-AppTests";
			productName = "PM-AppTests";
			productReference = 575DB4152E913D6300220124 /* PM-AppTests.xctest */;
			productType = "com.apple.product-type.bundle.unit-test";
		};
		575DB41E2E913D6300220124 /* PM-AppUITests */ = {
			isa = PBXNativeTarget;
			buildConfigurationList = 575DB4302E913D6300220124 /* Build configuration list for PBXNativeTarget "PM-AppUITests" */;
			buildPhases = (
				BCEC0F8683826F5F3592BD78 /* [CP] Check Pods Manifest.lock */,
				575DB41B2E913D6300220124 /* Sources */,
				575DB41C2E913D6300220124 /* Frameworks */,
				575DB41D2E913D6300220124 /* Resources */,
				9B6106D653134B66F879F028 /* [CP] Embed Pods Frameworks */,
			);
			buildRules = (
			);
			dependencies = (
				575DB4212E913D6300220124 /* PBXTargetDependency */,
			);
			fileSystemSynchronizedGroups = (
				575DB4222E913D6300220124 /* PM-AppUITests */,
			);
			name = "PM-AppUITests";
			productName = "PM-AppUITests";
			productReference = 575DB41F2E913D6300220124 /* PM-AppUITests.xctest */;
			productType = "com.apple.product-type.bundle.ui-testing";
		};
/* End PBXNativeTarget section */

/* Begin PBXProject section */
		575DB3F72E913D6000220124 /* Project object */ = {
			isa = PBXProject;
			attributes = {
				BuildIndependentTargetsInParallel = 1;
				LastSwiftUpdateCheck = 2600;
				LastUpgradeCheck = 2600;
				TargetAttributes = {
					575DB3FE2E913D6000220124 = {
						CreatedOnToolsVersion = 26.0.1;
					};
					575DB4142E913D6300220124 = {
						CreatedOnToolsVersion = 26.0.1;
						TestTargetID = 575DB3FE2E913D6000220124;
					};
					575DB41E2E913D6300220124 = {
						CreatedOnToolsVersion = 26.0.1;
						TestTargetID = 575DB3FE2E913D6000220124;
					};
				};
			};
			buildConfigurationList = 575DB3FA2E913D6000220124 /* Build configuration list for PBXProject "PM-App" */;
			developmentRegion = en;
			hasScannedForEncodings = 0;
			knownRegions = (
				en,
				Base,
			);
			mainGroup = 575DB3F62E913D6000220124;
			minimizedProjectReferenceProxies = 1;
			preferredProjectObjectVersion = 77;
			productRefGroup = 575DB4002E913D6000220124 /* Products */;
			projectDirPath = "";
			projectRoot = "";
			targets = (
				575DB3FE2E913D6000220124 /* PM-App */,
				575DB4142E913D6300220124 /* PM-AppTests */,
				575DB41E2E913D6300220124 /* PM-AppUITests */,
			);
		};
/* End PBXProject section */

/* Begin PBXResourcesBuildPhase section */
		575DB3FD2E913D6000220124 /* Resources */ = {
			isa = PBXResourcesBuildPhase;
			buildActionMask = 2147483647;
			files = (
			);
			runOnlyForDeploymentPostprocessing = 0;
		};
		575DB4132E913D6300220124 /* Resources */ = {
			isa = PBXResourcesBuildPhase;
			buildActionMask = 2147483647;
			files = (
			);
			runOnlyForDeploymentPostprocessing = 0;
		};
		575DB41D2E913D6300220124 /* Resources */ = {
			isa = PBXResourcesBuildPhase;
			buildActionMask = 2147483647;
			files = (
			);
			runOnlyForDeploymentPostprocessing = 0;
		};
/* End PBXResourcesBuildPhase section */

/* Begin PBXShellScriptBuildPhase section */
		5F8F9BAB6B566FFE820BFCA1 /* [CP] Check Pods Manifest.lock */ = {
			isa = PBXShellScriptBuildPhase;
			buildActionMask = 2147483647;
			files = (
			);
			inputFileListPaths = (
			);
			inputPaths = (
				"${PODS_PODFILE_DIR_PATH}/Podfile.lock",
				"${PODS_ROOT}/Manifest.lock",
			);
			name = "[CP] Check Pods Manifest.lock";
			outputFileListPaths = (
			);
			outputPaths = (
				"$(DERIVED_FILE_DIR)/Pods-PM-App-checkManifestLockResult.txt",
			);
			runOnlyForDeploymentPostprocessing = 0;
			shellPath = /bin/sh;
			shellScript = "diff \"${PODS_PODFILE_DIR_PATH}/Podfile.lock\" \"${PODS_ROOT}/Manifest.lock\" > /dev/null\nif [ $? != 0 ] ; then\n    # print error to STDERR\n    echo \"error: The sandbox is not in sync with the Podfile.lock. Run 'pod install' or update your CocoaPods installation.\" >&2\n    exit 1\nfi\n# This output is used by Xcode 'outputs' to avoid re-running this script phase.\necho \"SUCCESS\" > \"${SCRIPT_OUTPUT_FILE_0}\"\n";
			showEnvVarsInLog = 0;
		};
		78D1E598B9307083D380AFFB /* [CP] Embed Pods Frameworks */ = {
			isa = PBXShellScriptBuildPhase;
			buildActionMask = 2147483647;
			files = (
			);
			inputFileListPaths = (
				"${PODS_ROOT}/Target Support Files/Pods-PM-App/Pods-PM-App-frameworks-${CONFIGURATION}-input-files.xcfilelist",
			);
			name = "[CP] Embed Pods Frameworks";
			outputFileListPaths = (
				"${PODS_ROOT}/Target Support Files/Pods-PM-App/Pods-PM-App-frameworks-${CONFIGURATION}-output-files.xcfilelist",
			);
			runOnlyForDeploymentPostprocessing = 0;
			shellPath = /bin/sh;
			shellScript = "\"${PODS_ROOT}/Target Support Files/Pods-PM-App/Pods-PM-App-frameworks.sh\"\n";
			showEnvVarsInLog = 0;
		};
		9B6106D653134B66F879F028 /* [CP] Embed Pods Frameworks */ = {
			isa = PBXShellScriptBuildPhase;
			buildActionMask = 2147483647;
			files = (
			);
			inputFileListPaths = (
				"${PODS_ROOT}/Target Support Files/Pods-PM-App-PM-AppUITests/Pods-PM-App-PM-AppUITests-frameworks-${CONFIGURATION}-input-files.xcfilelist",
			);
			name = "[CP] Embed Pods Frameworks";
			outputFileListPaths = (
				"${PODS_ROOT}/Target Support Files/Pods-PM-App-PM-AppUITests/Pods-PM-App-PM-AppUITests-frameworks-${CONFIGURATION}-output-files.xcfilelist",
			);
			runOnlyForDeploymentPostprocessing = 0;
			shellPath = /bin/sh;
			shellScript = "\"${PODS_ROOT}/Target Support Files/Pods-PM-App-PM-AppUITests/Pods-PM-App-PM-AppUITests-frameworks.sh\"\n";
			showEnvVarsInLog = 0;
		};
		BCEC0F8683826F5F3592BD78 /* [CP] Check Pods Manifest.lock */ = {
			isa = PBXShellScriptBuildPhase;
			buildActionMask = 2147483647;
			files = (
			);
			inputFileListPaths = (
			);
			inputPaths = (
				"${PODS_PODFILE_DIR_PATH}/Podfile.lock",
				"${PODS_ROOT}/Manifest.lock",
			);
			name = "[CP] Check Pods Manifest.lock";
			outputFileListPaths = (
			);
			outputPaths = (
				"$(DERIVED_FILE_DIR)/Pods-PM-App-PM-AppUITests-checkManifestLockResult.txt",
			);
			runOnlyForDeploymentPostprocessing = 0;
			shellPath = /bin/sh;
			shellScript = "diff \"${PODS_PODFILE_DIR_PATH}/Podfile.lock\" \"${PODS_ROOT}/Manifest.lock\" > /dev/null\nif [ $? != 0 ] ; then\n    # print error to STDERR\n    echo \"error: The sandbox is not in sync with the Podfile.lock. Run 'pod install' or update your CocoaPods installation.\" >&2\n    exit 1\nfi\n# This output is used by Xcode 'outputs' to avoid re-running this script phase.\necho \"SUCCESS\" > \"${SCRIPT_OUTPUT_FILE_0}\"\n";
			showEnvVarsInLog = 0;
		};
		D5B164F782B9B8A4EDB064A3 /* [CP] Check Pods Manifest.lock */ = {
			isa = PBXShellScriptBuildPhase;
			buildActionMask = 2147483647;
			files = (
			);
			inputFileListPaths = (
			);
			inputPaths = (
				"${PODS_PODFILE_DIR_PATH}/Podfile.lock",
				"${PODS_ROOT}/Manifest.lock",
			);
			name = "[CP] Check Pods Manifest.lock";
			outputFileListPaths = (
			);
			outputPaths = (
				"$(DERIVED_FILE_DIR)/Pods-PM-AppTests-checkManifestLockResult.txt",
			);
			runOnlyForDeploymentPostprocessing = 0;
			shellPath = /bin/sh;
			shellScript = "diff \"${PODS_PODFILE_DIR_PATH}/Podfile.lock\" \"${PODS_ROOT}/Manifest.lock\" > /dev/null\nif [ $? != 0 ] ; then\n    # print error to STDERR\n    echo \"error: The sandbox is not in sync with the Podfile.lock. Run 'pod install' or update your CocoaPods installation.\" >&2\n    exit 1\nfi\n# This output is used by Xcode 'outputs' to avoid re-running this script phase.\necho \"SUCCESS\" > \"${SCRIPT_OUTPUT_FILE_0}\"\n";
			showEnvVarsInLog = 0;
		};
/* End PBXShellScriptBuildPhase section */

/* Begin PBXSourcesBuildPhase section */
		575DB3FB2E913D6000220124 /* Sources */ = {
			isa = PBXSourcesBuildPhase;
			buildActionMask = 2147483647;
			files = (
			);
			runOnlyForDeploymentPostprocessing = 0;
		};
		575DB4112E913D6300220124 /* Sources */ = {
			isa = PBXSourcesBuildPhase;
			buildActionMask = 2147483647;
			files = (
			);
			runOnlyForDeploymentPostprocessing = 0;
		};
		575DB41B2E913D6300220124 /* Sources */ = {
			isa = PBXSourcesBuildPhase;
			buildActionMask = 2147483647;
			files = (
			);
			runOnlyForDeploymentPostprocessing = 0;
		};
/* End PBXSourcesBuildPhase section */

/* Begin PBXTargetDependency section */
		575DB4172E913D6300220124 /* PBXTargetDependency */ = {
			isa = PBXTargetDependency;
			target = 575DB3FE2E913D6000220124 /* PM-App */;
			targetProxy = 575DB4162E913D6300220124 /* PBXContainerItemProxy */;
		};
		575DB4212E913D6300220124 /* PBXTargetDependency */ = {
			isa = PBXTargetDependency;
			target = 575DB3FE2E913D6000220124 /* PM-App */;
			targetProxy = 575DB4202E913D6300220124 /* PBXContainerItemProxy */;
		};
/* End PBXTargetDependency section */

/* Begin XCBuildConfiguration section */
		575DB4292E913D6300220124 /* Debug */ = {
			isa = XCBuildConfiguration;
			baseConfigurationReference = A524E79B18820CFA755A4DBF /* Pods-PM-App.debug.xcconfig */;
			buildSettings = {
				ASSETCATALOG_COMPILER_APPICON_NAME = AppIcon;
				ASSETCATALOG_COMPILER_GLOBAL_ACCENT_COLOR_NAME = AccentColor;
				CODE_SIGN_STYLE = Automatic;
				CURRENT_PROJECT_VERSION = 1;
				DEVELOPMENT_TEAM = B27S49P66R;
				GENERATE_INFOPLIST_FILE = YES;
				INFOPLIST_FILE = "PM-App/Info.plist";
				INFOPLIST_KEY_UIApplicationSupportsIndirectInputEvents = YES;
				INFOPLIST_KEY_UILaunchStoryboardName = LaunchScreen;
				INFOPLIST_KEY_UIMainStoryboardFile = Main;
				INFOPLIST_KEY_UISupportedInterfaceOrientations_iPad = "UIInterfaceOrientationPortrait UIInterfaceOrientationPortraitUpsideDown UIInterfaceOrientationLandscapeLeft UIInterfaceOrientationLandscapeRight";
				INFOPLIST_KEY_UISupportedInterfaceOrientations_iPhone = "UIInterfaceOrientationPortrait UIInterfaceOrientationLandscapeLeft UIInterfaceOrientationLandscapeRight";
				LD_RUNPATH_SEARCH_PATHS = (
					"$(inherited)",
					"@executable_path/Frameworks",
				);
				MARKETING_VERSION = 1.0;
				PRODUCT_BUNDLE_IDENTIFIER = "ahmedliaqatff.PM-App";
				PRODUCT_NAME = "$(TARGET_NAME)";
				STRING_CATALOG_GENERATE_SYMBOLS = YES;
				SWIFT_APPROACHABLE_CONCURRENCY = YES;
				SWIFT_DEFAULT_ACTOR_ISOLATION = MainActor;
				SWIFT_EMIT_LOC_STRINGS = YES;
				SWIFT_UPCOMING_FEATURE_MEMBER_IMPORT_VISIBILITY = YES;
				SWIFT_VERSION = 5.0;
				TARGETED_DEVICE_FAMILY = "1,2";
			};
			name = Debug;
		};
		575DB42A2E913D6300220124 /* Release */ = {
			isa = XCBuildConfiguration;
			baseConfigurationReference = D853458EF4359D3C82A89892 /* Pods-PM-App.release.xcconfig */;
			buildSettings = {
				ASSETCATALOG_COMPILER_APPICON_NAME = AppIcon;
				ASSETCATALOG_COMPILER_GLOBAL_ACCENT_COLOR_NAME = AccentColor;
				CODE_SIGN_STYLE = Automatic;
				CURRENT_PROJECT_VERSION = 1;
				DEVELOPMENT_TEAM = B27S49P66R;
				GENERATE_INFOPLIST_FILE = YES;
				INFOPLIST_FILE = "PM-App/Info.plist";
				INFOPLIST_KEY_UIApplicationSupportsIndirectInputEvents = YES;
				INFOPLIST_KEY_UILaunchStoryboardName = LaunchScreen;
				INFOPLIST_KEY_UIMainStoryboardFile = Main;
				INFOPLIST_KEY_UISupportedInterfaceOrientations_iPad = "UIInterfaceOrientationPortrait UIInterfaceOrientationPortraitUpsideDown UIInterfaceOrientationLandscapeLeft UIInterfaceOrientationLandscapeRight";
				INFOPLIST_KEY_UISupportedInterfaceOrientations_iPhone = "UIInterfaceOrientationPortrait UIInterfaceOrientationLandscapeLeft UIInterfaceOrientationLandscapeRight";
				LD_RUNPATH_SEARCH_PATHS = (
					"$(inherited)",
					"@executable_path/Frameworks",
				);
				MARKETING_VERSION = 1.0;
				PRODUCT_BUNDLE_IDENTIFIER = "ahmedliaqatff.PM-App";
				PRODUCT_NAME = "$(TARGET_NAME)";
				STRING_CATALOG_GENERATE_SYMBOLS = YES;
				SWIFT_APPROACHABLE_CONCURRENCY = YES;
				SWIFT_DEFAULT_ACTOR_ISOLATION = MainActor;
				SWIFT_EMIT_LOC_STRINGS = YES;
				SWIFT_UPCOMING_FEATURE_MEMBER_IMPORT_VISIBILITY = YES;
				SWIFT_VERSION = 5.0;
				TARGETED_DEVICE_FAMILY = "1,2";
			};
			name = Release;
		};
		575DB42B2E913D6300220124 /* Debug */ = {
			isa = XCBuildConfiguration;
			buildSettings = {
				ALWAYS_SEARCH_USER_PATHS = NO;
				ASSETCATALOG_COMPILER_GENERATE_SWIFT_ASSET_SYMBOL_EXTENSIONS = YES;
				CLANG_ANALYZER_NONNULL = YES;
				CLANG_ANALYZER_NUMBER_OBJECT_CONVERSION = YES_AGGRESSIVE;
				CLANG_CXX_LANGUAGE_STANDARD = "gnu++20";
				CLANG_ENABLE_MODULES = YES;
				CLANG_ENABLE_OBJC_ARC = YES;
				CLANG_ENABLE_OBJC_WEAK = YES;
				CLANG_WARN_BLOCK_CAPTURE_AUTORELEASING = YES;
				CLANG_WARN_BOOL_CONVERSION = YES;
				CLANG_WARN_COMMA = YES;
				CLANG_WARN_CONSTANT_CONVERSION = YES;
				CLANG_WARN_DEPRECATED_OBJC_IMPLEMENTATIONS = YES;
				CLANG_WARN_DIRECT_OBJC_ISA_USAGE = YES_ERROR;
				CLANG_WARN_DOCUMENTATION_COMMENTS = YES;
				CLANG_WARN_EMPTY_BODY = YES;
				CLANG_WARN_ENUM_CONVERSION = YES;
				CLANG_WARN_INFINITE_RECURSION = YES;
				CLANG_WARN_INT_CONVERSION = YES;
				CLANG_WARN_NON_LITERAL_NULL_CONVERSION = YES;
				CLANG_WARN_OBJC_IMPLICIT_RETAIN_SELF = YES;
				CLANG_WARN_OBJC_LITERAL_CONVERSION = YES;
				CLANG_WARN_OBJC_ROOT_CLASS = YES_ERROR;
				CLANG_WARN_QUOTED_INCLUDE_IN_FRAMEWORK_HEADER = YES;
				CLANG_WARN_RANGE_LOOP_ANALYSIS = YES;
				CLANG_WARN_STRICT_PROTOTYPES = YES;
				CLANG_WARN_SUSPICIOUS_MOVE = YES;
				CLANG_WARN_UNGUARDED_AVAILABILITY = YES_AGGRESSIVE;
				CLANG_WARN_UNREACHABLE_CODE = YES;
				CLANG_WARN__DUPLICATE_METHOD_MATCH = YES;
				COPY_PHASE_STRIP = NO;
				DEBUG_INFORMATION_FORMAT = dwarf;
				DEVELOPMENT_TEAM = B27S49P66R;
				ENABLE_STRICT_OBJC_MSGSEND = YES;
				ENABLE_TESTABILITY = YES;
				ENABLE_USER_SCRIPT_SANDBOXING = YES;
				GCC_C_LANGUAGE_STANDARD = gnu17;
				GCC_DYNAMIC_NO_PIC = NO;
				GCC_NO_COMMON_BLOCKS = YES;
				GCC_OPTIMIZATION_LEVEL = 0;
				GCC_PREPROCESSOR_DEFINITIONS = (
					"DEBUG=1",
					"$(inherited)",
				);
				GCC_WARN_64_TO_32_BIT_CONVERSION = YES;
				GCC_WARN_ABOUT_RETURN_TYPE = YES_ERROR;
				GCC_WARN_UNDECLARED_SELECTOR = YES;
				GCC_WARN_UNINITIALIZED_AUTOS = YES_AGGRESSIVE;
				GCC_WARN_UNUSED_FUNCTION = YES;
				GCC_WARN_UNUSED_VARIABLE = YES;
				IPHONEOS_DEPLOYMENT_TARGET = 26.0;
				LOCALIZATION_PREFERS_STRING_CATALOGS = YES;
				MTL_ENABLE_DEBUG_INFO = INCLUDE_SOURCE;
				MTL_FAST_MATH = YES;
				ONLY_ACTIVE_ARCH = YES;
				SDKROOT = iphoneos;
				SWIFT_ACTIVE_COMPILATION_CONDITIONS = "DEBUG $(inherited)";
				SWIFT_OPTIMIZATION_LEVEL = "-Onone";
			};
			name = Debug;
		};
		575DB42C2E913D6300220124 /* Release */ = {
			isa = XCBuildConfiguration;
			buildSettings = {
				ALWAYS_SEARCH_USER_PATHS = NO;
				ASSETCATALOG_COMPILER_GENERATE_SWIFT_ASSET_SYMBOL_EXTENSIONS = YES;
				CLANG_ANALYZER_NONNULL = YES;
				CLANG_ANALYZER_NUMBER_OBJECT_CONVERSION = YES_AGGRESSIVE;
				CLANG_CXX_LANGUAGE_STANDARD = "gnu++20";
				CLANG_ENABLE_MODULES = YES;
				CLANG_ENABLE_OBJC_ARC = YES;
				CLANG_ENABLE_OBJC_WEAK = YES;
				CLANG_WARN_BLOCK_CAPTURE_AUTORELEASING = YES;
				CLANG_WARN_BOOL_CONVERSION = YES;
				CLANG_WARN_COMMA = YES;
				CLANG_WARN_CONSTANT_CONVERSION = YES;
				CLANG_WARN_DEPRECATED_OBJC_IMPLEMENTATIONS = YES;
				CLANG_WARN_DIRECT_OBJC_ISA_USAGE = YES_ERROR;
				CLANG_WARN_DOCUMENTATION_COMMENTS = YES;
				CLANG_WARN_EMPTY_BODY = YES;
				CLANG_WARN_ENUM_CONVERSION = YES;
				CLANG_WARN_INFINITE_RECURSION = YES;
				CLANG_WARN_INT_CONVERSION = YES;
				CLANG_WARN_NON_LITERAL_NULL_CONVERSION = YES;
				CLANG_WARN_OBJC_IMPLICIT_RETAIN_SELF = YES;
				CLANG_WARN_OBJC_LITERAL_CONVERSION = YES;
				CLANG_WARN_OBJC_ROOT_CLASS = YES_ERROR;
				CLANG_WARN_QUOTED_INCLUDE_IN_FRAMEWORK_HEADER = YES;
				CLANG_WARN_RANGE_LOOP_ANALYSIS = YES;
				CLANG_WARN_STRICT_PROTOTYPES = YES;
				CLANG_WARN_SUSPICIOUS_MOVE = YES;
				CLANG_WARN_UNGUARDED_AVAILABILITY = YES_AGGRESSIVE;
				CLANG_WARN_UNREACHABLE_CODE = YES;
				CLANG_WARN__DUPLICATE_METHOD_MATCH = YES;
				COPY_PHASE_STRIP = NO;
				DEBUG_INFORMATION_FORMAT = "dwarf-with-dsym";
				DEVELOPMENT_TEAM = B27S49P66R;
				ENABLE_NS_ASSERTIONS = NO;
				ENABLE_STRICT_OBJC_MSGSEND = YES;
				ENABLE_USER_SCRIPT_SANDBOXING = YES;
				GCC_C_LANGUAGE_STANDARD = gnu17;
				GCC_NO_COMMON_BLOCKS = YES;
				GCC_WARN_64_TO_32_BIT_CONVERSION = YES;
				GCC_WARN_ABOUT_RETURN_TYPE = YES_ERROR;
				GCC_WARN_UNDECLARED_SELECTOR = YES;
				GCC_WARN_UNINITIALIZED_AUTOS = YES_AGGRESSIVE;
				GCC_WARN_UNUSED_FUNCTION = YES;
				GCC_WARN_UNUSED_VARIABLE = YES;
				IPHONEOS_DEPLOYMENT_TARGET = 26.0;
				LOCALIZATION_PREFERS_STRING_CATALOGS = YES;
				MTL_ENABLE_DEBUG_INFO = NO;
				MTL_FAST_MATH = YES;
				SDKROOT = iphoneos;
				SWIFT_COMPILATION_MODE = wholemodule;
				VALIDATE_PRODUCT = YES;
			};
			name = Release;
		};
		575DB42E2E913D6300220124 /* Debug */ = {
			isa = XCBuildConfiguration;
			baseConfigurationReference = DF7FE2425B4CD00726BD2C6A /* Pods-PM-AppTests.debug.xcconfig */;
			buildSettings = {
				BUNDLE_LOADER = "$(TEST_HOST)";
				CODE_SIGN_STYLE = Automatic;
				CURRENT_PROJECT_VERSION = 1;
				DEVELOPMENT_TEAM = B27S49P66R;
				GENERATE_INFOPLIST_FILE = YES;
				IPHONEOS_DEPLOYMENT_TARGET = 26.0;
				MARKETING_VERSION = 1.0;
				PRODUCT_BUNDLE_IDENTIFIER = "ahmedliaqatff.PM-AppTests";
				PRODUCT_NAME = "$(TARGET_NAME)";
				STRING_CATALOG_GENERATE_SYMBOLS = NO;
				SWIFT_APPROACHABLE_CONCURRENCY = YES;
				SWIFT_EMIT_LOC_STRINGS = NO;
				SWIFT_UPCOMING_FEATURE_MEMBER_IMPORT_VISIBILITY = YES;
				SWIFT_VERSION = 5.0;
				TARGETED_DEVICE_FAMILY = "1,2";
				TEST_HOST = "$(BUILT_PRODUCTS_DIR)/PM-App.app/$(BUNDLE_EXECUTABLE_FOLDER_PATH)/PM-App";
			};
			name = Debug;
		};
		575DB42F2E913D6300220124 /* Release */ = {
			isa = XCBuildConfiguration;
			baseConfigurationReference = 3476EC3A2C6D56328919D6E2 /* Pods-PM-AppTests.release.xcconfig */;
			buildSettings = {
				BUNDLE_LOADER = "$(TEST_HOST)";
				CODE_SIGN_STYLE = Automatic;
				CURRENT_PROJECT_VERSION = 1;
				DEVELOPMENT_TEAM = B27S49P66R;
				GENERATE_INFOPLIST_FILE = YES;
				IPHONEOS_DEPLOYMENT_TARGET = 26.0;
				MARKETING_VERSION = 1.0;
				PRODUCT_BUNDLE_IDENTIFIER = "ahmedliaqatff.PM-AppTests";
				PRODUCT_NAME = "$(TARGET_NAME)";
				STRING_CATALOG_GENERATE_SYMBOLS = NO;
				SWIFT_APPROACHABLE_CONCURRENCY = YES;
				SWIFT_EMIT_LOC_STRINGS = NO;
				SWIFT_UPCOMING_FEATURE_MEMBER_IMPORT_VISIBILITY = YES;
				SWIFT_VERSION = 5.0;
				TARGETED_DEVICE_FAMILY = "1,2";
				TEST_HOST = "$(BUILT_PRODUCTS_DIR)/PM-App.app/$(BUNDLE_EXECUTABLE_FOLDER_PATH)/PM-App";
			};
			name = Release;
		};
		575DB4312E913D6300220124 /* Debug */ = {
			isa = XCBuildConfiguration;
			baseConfigurationReference = 86BDE23B86E9C91F95FD84C6 /* Pods-PM-App-PM-AppUITests.debug.xcconfig */;
			buildSettings = {
				CODE_SIGN_STYLE = Automatic;
				CURRENT_PROJECT_VERSION = 1;
				DEVELOPMENT_TEAM = B27S49P66R;
				GENERATE_INFOPLIST_FILE = YES;
				MARKETING_VERSION = 1.0;
				PRODUCT_BUNDLE_IDENTIFIER = "ahmedliaqatff.PM-AppUITests";
				PRODUCT_NAME = "$(TARGET_NAME)";
				STRING_CATALOG_GENERATE_SYMBOLS = NO;
				SWIFT_APPROACHABLE_CONCURRENCY = YES;
				SWIFT_EMIT_LOC_STRINGS = NO;
				SWIFT_UPCOMING_FEATURE_MEMBER_IMPORT_VISIBILITY = YES;
				SWIFT_VERSION = 5.0;
				TARGETED_DEVICE_FAMILY = "1,2";
				TEST_TARGET_NAME = "PM-App";
			};
			name = Debug;
		};
		575DB4322E913D6300220124 /* Release */ = {
			isa = XCBuildConfiguration;
			baseConfigurationReference = 3BC27C688B4E83BA6B607EC8 /* Pods-PM-App-PM-AppUITests.release.xcconfig */;
			buildSettings = {
				CODE_SIGN_STYLE = Automatic;
				CURRENT_PROJECT_VERSION = 1;
				DEVELOPMENT_TEAM = B27S49P66R;
				GENERATE_INFOPLIST_FILE = YES;
				MARKETING_VERSION = 1.0;
				PRODUCT_BUNDLE_IDENTIFIER = "ahmedliaqatff.PM-AppUITests";
				PRODUCT_NAME = "$(TARGET_NAME)";
				STRING_CATALOG_GENERATE_SYMBOLS = NO;
				SWIFT_APPROACHABLE_CONCURRENCY = YES;
				SWIFT_EMIT_LOC_STRINGS = NO;
				SWIFT_UPCOMING_FEATURE_MEMBER_IMPORT_VISIBILITY = YES;
				SWIFT_VERSION = 5.0;
				TARGETED_DEVICE_FAMILY = "1,2";
				TEST_TARGET_NAME = "PM-App";
			};
			name = Release;
		};
/* End XCBuildConfiguration section */

/* Begin XCConfigurationList section */
		575DB3FA2E913D6000220124 /* Build configuration list for PBXProject "PM-App" */ = {
			isa = XCConfigurationList;
			buildConfigurations = (
				575DB42B2E913D6300220124 /* Debug */,
				575DB42C2E913D6300220124 /* Release */,
			);
			defaultConfigurationIsVisible = 0;
			defaultConfigurationName = Release;
		};
		575DB4282E913D6300220124 /* Build configuration list for PBXNativeTarget "PM-App" */ = {
			isa = XCConfigurationList;
			buildConfigurations = (
				575DB4292E913D6300220124 /* Debug */,
				575DB42A2E913D6300220124 /* Release */,
			);
			defaultConfigurationIsVisible = 0;
			defaultConfigurationName = Release;
		};
		575DB42D2E913D6300220124 /* Build configuration list for PBXNativeTarget "PM-AppTests" */ = {
			isa = XCConfigurationList;
			buildConfigurations = (
				575DB42E2E913D6300220124 /* Debug */,
				575DB42F2E913D6300220124 /* Release */,
			);
			defaultConfigurationIsVisible = 0;
			defaultConfigurationName = Release;
		};
		575DB4302E913D6300220124 /* Build configuration list for PBXNativeTarget "PM-AppUITests" */ = {
			isa = XCConfigurationList;
			buildConfigurations = (
				575DB4312E913D6300220124 /* Debug */,
				575DB4322E913D6300220124 /* Release */,
			);
			defaultConfigurationIsVisible = 0;
			defaultConfigurationName = Release;
		};
/* End XCConfigurationList section */
	};
	rootObject = 575DB3F72E913D6000220124 /* Project object */;
}
